{
  "name": "motionweb",
  "version": "1.0.0",
  "lockfileVersion": 2,
  "requires": true,
  "packages": {
    "": {
      "name": "motionweb",
      "version": "1.0.0",
      "license": "ISC",
      "dependencies": {
        "@faker-js/faker": "^7.6.0",
        "@fakerjs/faker": "^3.0.0"
      }
    },
    "node_modules/@faker-js/faker": {
      "version": "7.6.0",
      "resolved": "https://registry.npmjs.org/@faker-js/faker/-/faker-7.6.0.tgz",
      "integrity": "sha512-XK6BTq1NDMo9Xqw/YkYyGjSsg44fbNwYRx7QK2CuoQgyy+f1rrTDHoExVM5PsyXCtfl2vs2vVJ0MN0yN6LppRw==",
      "engines": {
        "node": ">=14.0.0",
        "npm": ">=6.0.0"
      }
    },
    "node_modules/@fakerjs/age": {
      "version": "2.1.1",
      "resolved": "https://registry.npmjs.org/@fakerjs/age/-/age-2.1.1.tgz",
      "integrity": "sha512-9MQcaL86EbO43d3EjoSPJ4+Yu37zEex0hH+u33zNjm7dIIrr3mEzeFBUvAow9I0sR4oK7QbM1j2Sju+PvJGpDA==",
      "engines": {
        "node": ">=12"
      }
    },
    "node_modules/@fakerjs/animal": {
      "version": "2.2.0",
      "resolved": "https://registry.npmjs.org/@fakerjs/animal/-/animal-2.2.0.tgz",
      "integrity": "sha512-EEFtmbcodyuGd2Sw5bfG513kPtEc1EU7+q14rtoJXQ6oJx1W4trRMDilQeNGeVxwHl90K9m5uTETLxxA1Xinhg==",
      "dependencies": {
        "load-json-file": "^7.0.1"
      },
      "engines": {
        "node": ">=12"
      }
    },
    "node_modules/@fakerjs/blood": {
      "version": "1.0.0",
      "resolved": "https://registry.npmjs.org/@fakerjs/blood/-/blood-1.0.0.tgz",
      "integrity": "sha512-VP790P5exHez0Yb3UcZ/rraW4bnPe818cZKHI9fe7taCCkFyloWLYS8Zy5+LUtSLK0mQZaJ3MzcF4LZhiBTXzQ==",
      "engines": {
        "node": ">=12"
      }
    },
    "node_modules/@fakerjs/boolean": {
      "version": "2.1.1",
      "resolved": "https://registry.npmjs.org/@fakerjs/boolean/-/boolean-2.1.1.tgz",
      "integrity": "sha512-OJWuAFs3QEZangHn8tvckr2E+sevjOVwzAfsuWDwDL+ymPNCMjvISvBDW6d7k3I3wgZhjaBLngdZfEl+bhisTQ==",
      "engines": {
        "node": ">=12"
      }
    },
    "node_modules/@fakerjs/browser": {
      "version": "1.1.1",
      "resolved": "https://registry.npmjs.org/@fakerjs/browser/-/browser-1.1.1.tgz",
      "integrity": "sha512-d/nzWRlRGox7pen+3JrU9D3hhXQ6s20RJ0I5i2Q1UiKaLNyq8hW+26Ulr2YXPA9baLqFsrSkMnEoUODTF7jdrQ==",
      "dependencies": {
        "load-json-file": "^7.0.1"
      },
      "engines": {
        "node": ">=12"
      }
    },
    "node_modules/@fakerjs/domain": {
      "version": "1.1.0",
      "resolved": "https://registry.npmjs.org/@fakerjs/domain/-/domain-1.1.0.tgz",
      "integrity": "sha512-odr4j98GIpyuPYrP8nV8Q7tcSB9VYu3a0Q9Kgx112oTauS7L3TsDbmi8+x2prT6fjHAfZ/eZ5zpDEtjsPVAJsg==",
      "dependencies": {
        "@fakerjs/tld": "^1",
        "@fakerjs/word": "^1"
      },
      "engines": {
        "node": ">=12"
      }
    },
    "node_modules/@fakerjs/email": {
      "version": "1.0.0",
      "resolved": "https://registry.npmjs.org/@fakerjs/email/-/email-1.0.0.tgz",
      "integrity": "sha512-metzbdFNwkZsR5Se7OIPkpMGbkTHdCejB0Tg/Q+M0hYyQnYMyaVdZf53/hb7TMKbNM8HewTERQFPDePiABEKQg==",
      "dependencies": {
        "@fakerjs/domain": "^1",
        "@fakerjs/word": "^1"
      },
      "engines": {
        "node": ">=12"
      }
    },
    "node_modules/@fakerjs/faker": {
      "version": "3.0.0",
      "resolved": "https://registry.npmjs.org/@fakerjs/faker/-/faker-3.0.0.tgz",
      "integrity": "sha512-sN4LBgZQGEsZw+bzmXf9VwzpfJ1B/ZhqU19NSHku8ywih2g+Kq7uBa7nlmYUUmSlYe6p5cx5eRusswrfm+6Wbw==",
      "dependencies": {
        "@fakerjs/age": "^2",
        "@fakerjs/animal": "^2",
        "@fakerjs/blood": "^1",
        "@fakerjs/boolean": "^2",
        "@fakerjs/browser": "^1",
        "@fakerjs/domain": "^1",
        "@fakerjs/email": "^1",
        "@fakerjs/firstname": "^1",
        "@fakerjs/float": "^2",
        "@fakerjs/game": "^1",
        "@fakerjs/gender": "^2",
        "@fakerjs/house": "^1",
        "@fakerjs/integer": "^2",
        "@fakerjs/ip": "^2",
        "@fakerjs/lastname": "^1",
        "@fakerjs/letter": "^2",
        "@fakerjs/paragraph": "^1",
        "@fakerjs/profession": "^2",
        "@fakerjs/sentence": "^1",
        "@fakerjs/sport": "^1",
        "@fakerjs/string": "^2",
        "@fakerjs/superhero": "^1",
        "@fakerjs/tld": "^1",
        "@fakerjs/url": "^1",
        "@fakerjs/word": "^1"
      },
      "engines": {
        "node": ">=12"
      }
    },
    "node_modules/@fakerjs/firstname": {
      "version": "1.0.1",
      "resolved": "https://registry.npmjs.org/@fakerjs/firstname/-/firstname-1.0.1.tgz",
      "integrity": "sha512-Z+Ss9jUOm1SJulf/P0jxdE1OosBxbUkN18wDdPdNUl/bdpEsxbya1jsFvQk8vjP8fHwOe5RnEiVwRr03Kp5CPg==",
      "dependencies": {
        "load-json-file": "^7.0.1"
      },
      "engines": {
        "node": ">=12"
      }
    },
    "node_modules/@fakerjs/float": {
      "version": "2.1.1",
      "resolved": "https://registry.npmjs.org/@fakerjs/float/-/float-2.1.1.tgz",
      "integrity": "sha512-VUX+xCzS0PW2OLtgqVxnU4qqZ3tvzyOFLKRmZlptCAmpTg3jKUbqdt8agHPL8KUjQaXr4UxHdegYNg2R2z2hAw==",
      "engines": {
        "node": ">=12"
      }
    },
    "node_modules/@fakerjs/game": {
      "version": "1.0.1",
      "resolved": "https://registry.npmjs.org/@fakerjs/game/-/game-1.0.1.tgz",
      "integrity": "sha512-w+Htk1jqUrb0GKyjjqLhUCzbu9OtGcpSujlsb3Baj3S5v39ikv3nR2iFL/Bhgs9nrql0ynlYYN/V2oifURAQfw==",
      "dependencies": {
        "load-json-file": "^7.0.1"
      },
      "engines": {
        "node": ">=12"
      }
    },
    "node_modules/@fakerjs/gender": {
      "version": "2.3.1",
      "resolved": "https://registry.npmjs.org/@fakerjs/gender/-/gender-2.3.1.tgz",
      "integrity": "sha512-qerBcx9mTPLZFnmJJBnEYlc0BkCdaUfVWWGsLKC7U0Vloai9reS4ArZTFz+Cm0eHNVX1b9RdBIPh9aHIeR2LcQ==",
      "dependencies": {
        "load-json-file": "^7.0.1"
      },
      "engines": {
        "node": ">=12"
      }
    },
    "node_modules/@fakerjs/house": {
      "version": "1.0.2",
      "resolved": "https://registry.npmjs.org/@fakerjs/house/-/house-1.0.2.tgz",
      "integrity": "sha512-DsgcRinbadBQKcXRHQX9lU8xMAdK2nPT/EZwTMA1y56a52XworVOaCecdkGcubzLxdAuMBPLeOMvJxXLswWL/w==",
      "dependencies": {
        "load-json-file": "^7.0.1"
      },
      "engines": {
        "node": ">=12"
      }
    },
    "node_modules/@fakerjs/integer": {
      "version": "2.1.1",
      "resolved": "https://registry.npmjs.org/@fakerjs/integer/-/integer-2.1.1.tgz",
      "integrity": "sha512-yAqbw7SpN1p6XX5JsgIN6xrpGG6Qdl14/9x5RMUG5TL+/LVySg2TberY0rWRyYsRVpOMOJ8hhMaaBAARtxdMwA==",
      "engines": {
        "node": ">=12"
      }
    },
    "node_modules/@fakerjs/ip": {
      "version": "2.1.1",
      "resolved": "https://registry.npmjs.org/@fakerjs/ip/-/ip-2.1.1.tgz",
      "integrity": "sha512-oY8+k4c04YF4eLU8brNVUAr5jvmXuzKKCn+qCseDQMK8abDarAJ/c0ig1XpZRBfywUjKxQNGZrfAEvfYiFFdeQ==",
      "engines": {
        "node": ">=12"
      }
    },
    "node_modules/@fakerjs/lastname": {
      "version": "1.0.1",
      "resolved": "https://registry.npmjs.org/@fakerjs/lastname/-/lastname-1.0.1.tgz",
      "integrity": "sha512-7BJp9D5F4ESBf7MHN4Z8I96Ie78n9qftAwL0591xkHCoIpVpGVq/56ggCaowcxGGvxNYJ3t2OF4P7VLNQtNoDA==",
      "dependencies": {
        "load-json-file": "^7.0.1"
      },
      "engines": {
        "node": ">=12"
      }
    },
    "node_modules/@fakerjs/letter": {
      "version": "2.2.2",
      "resolved": "https://registry.npmjs.org/@fakerjs/letter/-/letter-2.2.2.tgz",
      "integrity": "sha512-JuIqMpefN4JYzinI8Cm+K477xogilhOdLIDtOZ8EwgMSQCcvkB+mBYarNRwwC3FIFjtXGVvMNBe398cB4IEvjg==",
      "dependencies": {
        "load-json-file": "^7.0.1"
      },
      "engines": {
        "node": ">=12"
      }
    },
    "node_modules/@fakerjs/paragraph": {
      "version": "1.0.0",
      "resolved": "https://registry.npmjs.org/@fakerjs/paragraph/-/paragraph-1.0.0.tgz",
      "integrity": "sha512-usbAIhWVtSf2eHbY5YEXRnEj4otLLKLvOwAoCQ+cxtMd3FGYLxBLNGVwjDXoSl8FOdTbA57Yt1tsu+v21xsoUw==",
      "dependencies": {
        "@fakerjs/sentence": "^1"
      },
      "engines": {
        "node": ">=12"
      }
    },
    "node_modules/@fakerjs/profession": {
      "version": "2.2.0",
      "resolved": "https://registry.npmjs.org/@fakerjs/profession/-/profession-2.2.0.tgz",
      "integrity": "sha512-yktaNnN8nmr+5wn8m6hE/bhaiYtbBQ5CqttIws+q7SwBx4Ip5/uEttP9UBTZCfACu07gB0RYvb7xDxtFT+dFkw==",
      "dependencies": {
        "load-json-file": "^7.0.1"
      },
      "engines": {
        "node": ">=12"
      }
    },
    "node_modules/@fakerjs/sentence": {
      "version": "1.0.0",
      "resolved": "https://registry.npmjs.org/@fakerjs/sentence/-/sentence-1.0.0.tgz",
      "integrity": "sha512-DRpKfj/dbdMYtW5+k0/wB6oqd0tnOzLCVyKFM50hVF43gXShj4arg23ql2CXxNakagi3yNzBk9W5Am6Y12H6CA==",
      "dependencies": {
        "@fakerjs/word": "^1"
      },
      "engines": {
        "node": ">=12"
      }
    },
    "node_modules/@fakerjs/sport": {
      "version": "1.0.0",
      "resolved": "https://registry.npmjs.org/@fakerjs/sport/-/sport-1.0.0.tgz",
      "integrity": "sha512-ShkZ6QSzwQP+NRKwkaL3MUG63NTcjzk5ppen3DoOV0GGwDnOTS2OFN5AvtmqjgJD4bAhekPYkHSGN/Pbgk3dSw==",
      "dependencies": {
        "load-json-file": "^7.0.1"
      },
      "engines": {
        "node": ">=12"
      }
    },
    "node_modules/@fakerjs/string": {
      "version": "2.1.1",
      "resolved": "https://registry.npmjs.org/@fakerjs/string/-/string-2.1.1.tgz",
      "integrity": "sha512-6EfjvoRh+b91MjP/ciOmLJmwtEAvjAqATgaZM1khwEO0azRtnmdXHuxTVl1o+Uvq4kP2zjXvuXqkIZdprNyPyg==",
      "engines": {
        "node": ">=12"
      }
    },
    "node_modules/@fakerjs/superhero": {
      "version": "1.2.0",
      "resolved": "https://registry.npmjs.org/@fakerjs/superhero/-/superhero-1.2.0.tgz",
      "integrity": "sha512-xxKscBJSvSX90Krq2bk2O2V438byQL2hdxzRAGkJ50G/gUUap2NOvOERlunlJ8GadQrlnvEeU4UEk6/Gm3FSwQ==",
      "dependencies": {
        "load-json-file": "^7.0.1"
      },
      "engines": {
        "node": ">=12"
      }
    },
    "node_modules/@fakerjs/tld": {
      "version": "1.1.0",
      "resolved": "https://registry.npmjs.org/@fakerjs/tld/-/tld-1.1.0.tgz",
      "integrity": "sha512-qsJUB6wm3+KpT+ZKhlRDB7GKh89Nt702ezEnbREtn+nSME6P4aJLygd3GnRtriVYmjokz8RSW/pABS+ft8BeZw==",
      "dependencies": {
        "load-json-file": "^7.0.1"
      },
      "engines": {
        "node": ">=12"
      }
    },
    "node_modules/@fakerjs/url": {
      "version": "1.0.0",
      "resolved": "https://registry.npmjs.org/@fakerjs/url/-/url-1.0.0.tgz",
      "integrity": "sha512-Enf9RMHRnRYcFA3dciYVBwHXpJFvMRmyoQVp2vjvyAhkNZ5rl8L5XaGOP3/c8//vry/MuhA+eIqtrs7U4ElLjQ==",
      "dependencies": {
        "@fakerjs/domain": "^1"
      },
      "engines": {
        "node": ">=12"
      }
    },
    "node_modules/@fakerjs/word": {
      "version": "1.0.1",
      "resolved": "https://registry.npmjs.org/@fakerjs/word/-/word-1.0.1.tgz",
      "integrity": "sha512-ilyTmSakl4K/osCEE5kUdyAFXxZnmh3WLXlQHKU4ytbkHLHh67f+h25JVrrD+N3Dv7D/7gQlfj/YBH+QuERJlw==",
      "engines": {
        "node": ">=12"
      }
    },
    "node_modules/load-json-file": {
      "version": "7.0.1",
      "resolved": "https://registry.npmjs.org/load-json-file/-/load-json-file-7.0.1.tgz",
      "integrity": "sha512-Gnxj3ev3mB5TkVBGad0JM6dmLiQL+o0t23JPBZ9sd+yvSLk05mFoqKBw5N8gbbkU4TNXyqCgIrl/VM17OgUIgQ==",
      "engines": {
        "node": "^12.20.0 || ^14.13.1 || >=16.0.0"
      },
      "funding": {
        "url": "https://github.com/sponsors/sindresorhus"
      }
    }
  },
  "dependencies": {
    "@faker-js/faker": {
      "version": "7.6.0",
      "resolved": "https://registry.npmjs.org/@faker-js/faker/-/faker-7.6.0.tgz",
      "integrity": "sha512-XK6BTq1NDMo9Xqw/YkYyGjSsg44fbNwYRx7QK2CuoQgyy+f1rrTDHoExVM5PsyXCtfl2vs2vVJ0MN0yN6LppRw=="
    },
    "@fakerjs/age": {
      "version": "2.1.1",
      "resolved": "https://registry.npmjs.org/@fakerjs/age/-/age-2.1.1.tgz",
      "integrity": "sha512-9MQcaL86EbO43d3EjoSPJ4+Yu37zEex0hH+u33zNjm7dIIrr3mEzeFBUvAow9I0sR4oK7QbM1j2Sju+PvJGpDA=="
    },
    "@fakerjs/animal": {
      "version": "2.2.0",
      "resolved": "https://registry.npmjs.org/@fakerjs/animal/-/animal-2.2.0.tgz",
      "integrity": "sha512-EEFtmbcodyuGd2Sw5bfG513kPtEc1EU7+q14rtoJXQ6oJx1W4trRMDilQeNGeVxwHl90K9m5uTETLxxA1Xinhg==",
      "requires": {
        "load-json-file": "^7.0.1"
      }
    },
    "@fakerjs/blood": {
      "version": "1.0.0",
      "resolved": "https://registry.npmjs.org/@fakerjs/blood/-/blood-1.0.0.tgz",
      "integrity": "sha512-VP790P5exHez0Yb3UcZ/rraW4bnPe818cZKHI9fe7taCCkFyloWLYS8Zy5+LUtSLK0mQZaJ3MzcF4LZhiBTXzQ=="
    },
    "@fakerjs/boolean": {
      "version": "2.1.1",
      "resolved": "https://registry.npmjs.org/@fakerjs/boolean/-/boolean-2.1.1.tgz",
      "integrity": "sha512-OJWuAFs3QEZangHn8tvckr2E+sevjOVwzAfsuWDwDL+ymPNCMjvISvBDW6d7k3I3wgZhjaBLngdZfEl+bhisTQ=="
    },
    "@fakerjs/browser": {
      "version": "1.1.1",
      "resolved": "https://registry.npmjs.org/@fakerjs/browser/-/browser-1.1.1.tgz",
      "integrity": "sha512-d/nzWRlRGox7pen+3JrU9D3hhXQ6s20RJ0I5i2Q1UiKaLNyq8hW+26Ulr2YXPA9baLqFsrSkMnEoUODTF7jdrQ==",
      "requires": {
        "load-json-file": "^7.0.1"
      }
    },
    "@fakerjs/domain": {
      "version": "1.1.0",
      "resolved": "https://registry.npmjs.org/@fakerjs/domain/-/domain-1.1.0.tgz",
      "integrity": "sha512-odr4j98GIpyuPYrP8nV8Q7tcSB9VYu3a0Q9Kgx112oTauS7L3TsDbmi8+x2prT6fjHAfZ/eZ5zpDEtjsPVAJsg==",
      "requires": {
        "@fakerjs/tld": "^1",
        "@fakerjs/word": "^1"
      }
    },
    "@fakerjs/email": {
      "version": "1.0.0",
      "resolved": "https://registry.npmjs.org/@fakerjs/email/-/email-1.0.0.tgz",
      "integrity": "sha512-metzbdFNwkZsR5Se7OIPkpMGbkTHdCejB0Tg/Q+M0hYyQnYMyaVdZf53/hb7TMKbNM8HewTERQFPDePiABEKQg==",
      "requires": {
        "@fakerjs/domain": "^1",
        "@fakerjs/word": "^1"
      }
    },
    "@fakerjs/faker": {
      "version": "3.0.0",
      "resolved": "https://registry.npmjs.org/@fakerjs/faker/-/faker-3.0.0.tgz",
      "integrity": "sha512-sN4LBgZQGEsZw+bzmXf9VwzpfJ1B/ZhqU19NSHku8ywih2g+Kq7uBa7nlmYUUmSlYe6p5cx5eRusswrfm+6Wbw==",
      "requires": {
        "@fakerjs/age": "^2",
        "@fakerjs/animal": "^2",
        "@fakerjs/blood": "^1",
        "@fakerjs/boolean": "^2",
        "@fakerjs/browser": "^1",
        "@fakerjs/domain": "^1",
        "@fakerjs/email": "^1",
        "@fakerjs/firstname": "^1",
        "@fakerjs/float": "^2",
        "@fakerjs/game": "^1",
        "@fakerjs/gender": "^2",
        "@fakerjs/house": "^1",
        "@fakerjs/integer": "^2",
        "@fakerjs/ip": "^2",
        "@fakerjs/lastname": "^1",
        "@fakerjs/letter": "^2",
        "@fakerjs/paragraph": "^1",
        "@fakerjs/profession": "^2",
        "@fakerjs/sentence": "^1",
        "@fakerjs/sport": "^1",
        "@fakerjs/string": "^2",
        "@fakerjs/superhero": "^1",
        "@fakerjs/tld": "^1",
        "@fakerjs/url": "^1",
        "@fakerjs/word": "^1"
      }
    },
    "@fakerjs/firstname": {
      "version": "1.0.1",
      "resolved": "https://registry.npmjs.org/@fakerjs/firstname/-/firstname-1.0.1.tgz",
      "integrity": "sha512-Z+Ss9jUOm1SJulf/P0jxdE1OosBxbUkN18wDdPdNUl/bdpEsxbya1jsFvQk8vjP8fHwOe5RnEiVwRr03Kp5CPg==",
      "requires": {
        "load-json-file": "^7.0.1"
      }
    },
    "@fakerjs/float": {
      "version": "2.1.1",
      "resolved": "https://registry.npmjs.org/@fakerjs/float/-/float-2.1.1.tgz",
      "integrity": "sha512-VUX+xCzS0PW2OLtgqVxnU4qqZ3tvzyOFLKRmZlptCAmpTg3jKUbqdt8agHPL8KUjQaXr4UxHdegYNg2R2z2hAw=="
    },
    "@fakerjs/game": {
      "version": "1.0.1",
      "resolved": "https://registry.npmjs.org/@fakerjs/game/-/game-1.0.1.tgz",
      "integrity": "sha512-w+Htk1jqUrb0GKyjjqLhUCzbu9OtGcpSujlsb3Baj3S5v39ikv3nR2iFL/Bhgs9nrql0ynlYYN/V2oifURAQfw==",
      "requires": {
        "load-json-file": "^7.0.1"
      }
    },
    "@fakerjs/gender": {
      "version": "2.3.1",
      "resolved": "https://registry.npmjs.org/@fakerjs/gender/-/gender-2.3.1.tgz",
      "integrity": "sha512-qerBcx9mTPLZFnmJJBnEYlc0BkCdaUfVWWGsLKC7U0Vloai9reS4ArZTFz+Cm0eHNVX1b9RdBIPh9aHIeR2LcQ==",
      "requires": {
        "load-json-file": "^7.0.1"
      }
    },
    "@fakerjs/house": {
      "version": "1.0.2",
      "resolved": "https://registry.npmjs.org/@fakerjs/house/-/house-1.0.2.tgz",
      "integrity": "sha512-DsgcRinbadBQKcXRHQX9lU8xMAdK2nPT/EZwTMA1y56a52XworVOaCecdkGcubzLxdAuMBPLeOMvJxXLswWL/w==",
      "requires": {
        "load-json-file": "^7.0.1"
      }
    },
    "@fakerjs/integer": {
      "version": "2.1.1",
      "resolved": "https://registry.npmjs.org/@fakerjs/integer/-/integer-2.1.1.tgz",
      "integrity": "sha512-yAqbw7SpN1p6XX5JsgIN6xrpGG6Qdl14/9x5RMUG5TL+/LVySg2TberY0rWRyYsRVpOMOJ8hhMaaBAARtxdMwA=="
    },
    "@fakerjs/ip": {
      "version": "2.1.1",
      "resolved": "https://registry.npmjs.org/@fakerjs/ip/-/ip-2.1.1.tgz",
      "integrity": "sha512-oY8+k4c04YF4eLU8brNVUAr5jvmXuzKKCn+qCseDQMK8abDarAJ/c0ig1XpZRBfywUjKxQNGZrfAEvfYiFFdeQ=="
    },
    "@fakerjs/lastname": {
      "version": "1.0.1",
      "resolved": "https://registry.npmjs.org/@fakerjs/lastname/-/lastname-1.0.1.tgz",
      "integrity": "sha512-7BJp9D5F4ESBf7MHN4Z8I96Ie78n9qftAwL0591xkHCoIpVpGVq/56ggCaowcxGGvxNYJ3t2OF4P7VLNQtNoDA==",
      "requires": {
        "load-json-file": "^7.0.1"
      }
    },
    "@fakerjs/letter": {
      "version": "2.2.2",
      "resolved": "https://registry.npmjs.org/@fakerjs/letter/-/letter-2.2.2.tgz",
      "integrity": "sha512-JuIqMpefN4JYzinI8Cm+K477xogilhOdLIDtOZ8EwgMSQCcvkB+mBYarNRwwC3FIFjtXGVvMNBe398cB4IEvjg==",
      "requires": {
        "load-json-file": "^7.0.1"
      }
    },
    "@fakerjs/paragraph": {
      "version": "1.0.0",
      "resolved": "https://registry.npmjs.org/@fakerjs/paragraph/-/paragraph-1.0.0.tgz",
      "integrity": "sha512-usbAIhWVtSf2eHbY5YEXRnEj4otLLKLvOwAoCQ+cxtMd3FGYLxBLNGVwjDXoSl8FOdTbA57Yt1tsu+v21xsoUw==",
      "requires": {
        "@fakerjs/sentence": "^1"
      }
    },
    "@fakerjs/profession": {
      "version": "2.2.0",
      "resolved": "https://registry.npmjs.org/@fakerjs/profession/-/profession-2.2.0.tgz",
      "integrity": "sha512-yktaNnN8nmr+5wn8m6hE/bhaiYtbBQ5CqttIws+q7SwBx4Ip5/uEttP9UBTZCfACu07gB0RYvb7xDxtFT+dFkw==",
      "requires": {
        "load-json-file": "^7.0.1"
      }
    },
    "@fakerjs/sentence": {
      "version": "1.0.0",
      "resolved": "https://registry.npmjs.org/@fakerjs/sentence/-/sentence-1.0.0.tgz",
      "integrity": "sha512-DRpKfj/dbdMYtW5+k0/wB6oqd0tnOzLCVyKFM50hVF43gXShj4arg23ql2CXxNakagi3yNzBk9W5Am6Y12H6CA==",
      "requires": {
        "@fakerjs/word": "^1"
      }
    },
    "@fakerjs/sport": {
      "version": "1.0.0",
      "resolved": "https://registry.npmjs.org/@fakerjs/sport/-/sport-1.0.0.tgz",
      "integrity": "sha512-ShkZ6QSzwQP+NRKwkaL3MUG63NTcjzk5ppen3DoOV0GGwDnOTS2OFN5AvtmqjgJD4bAhekPYkHSGN/Pbgk3dSw==",
      "requires": {
        "load-json-file": "^7.0.1"
      }
    },
    "@fakerjs/string": {
      "version": "2.1.1",
      "resolved": "https://registry.npmjs.org/@fakerjs/string/-/string-2.1.1.tgz",
      "integrity": "sha512-6EfjvoRh+b91MjP/ciOmLJmwtEAvjAqATgaZM1khwEO0azRtnmdXHuxTVl1o+Uvq4kP2zjXvuXqkIZdprNyPyg=="
    },
    "@fakerjs/superhero": {
      "version": "1.2.0",
      "resolved": "https://registry.npmjs.org/@fakerjs/superhero/-/superhero-1.2.0.tgz",
      "integrity": "sha512-xxKscBJSvSX90Krq2bk2O2V438byQL2hdxzRAGkJ50G/gUUap2NOvOERlunlJ8GadQrlnvEeU4UEk6/Gm3FSwQ==",
      "requires": {
        "load-json-file": "^7.0.1"
      }
    },
    "@fakerjs/tld": {
      "version": "1.1.0",
      "resolved": "https://registry.npmjs.org/@fakerjs/tld/-/tld-1.1.0.tgz",
      "integrity": "sha512-qsJUB6wm3+KpT+ZKhlRDB7GKh89Nt702ezEnbREtn+nSME6P4aJLygd3GnRtriVYmjokz8RSW/pABS+ft8BeZw==",
      "requires": {
        "load-json-file": "^7.0.1"
      }
    },
    "@fakerjs/url": {
      "version": "1.0.0",
      "resolved": "https://registry.npmjs.org/@fakerjs/url/-/url-1.0.0.tgz",
      "integrity": "sha512-Enf9RMHRnRYcFA3dciYVBwHXpJFvMRmyoQVp2vjvyAhkNZ5rl8L5XaGOP3/c8//vry/MuhA+eIqtrs7U4ElLjQ==",
      "requires": {
        "@fakerjs/domain": "^1"
      }
    },
    "@fakerjs/word": {
      "version": "1.0.1",
      "resolved": "https://registry.npmjs.org/@fakerjs/word/-/word-1.0.1.tgz",
      "integrity": "sha512-ilyTmSakl4K/osCEE5kUdyAFXxZnmh3WLXlQHKU4ytbkHLHh67f+h25JVrrD+N3Dv7D/7gQlfj/YBH+QuERJlw=="
    },
    "load-json-file": {
      "version": "7.0.1",
      "resolved": "https://registry.npmjs.org/load-json-file/-/load-json-file-7.0.1.tgz",
      "integrity": "sha512-Gnxj3ev3mB5TkVBGad0JM6dmLiQL+o0t23JPBZ9sd+yvSLk05mFoqKBw5N8gbbkU4TNXyqCgIrl/VM17OgUIgQ=="
    }
  }
}
